
Microsoft Visual Studio Solution File, Format Version 12.00
# Visual Studio Version 17
VisualStudioVersion = 17.9.34723.18
MinimumVisualStudioVersion = 10.0.40219.1
Project("{888888A0-9F3D-457C-B088-3A5042F75D52}") = "Image Generator AI", "Image Generator AI.pyproj", "{1729E1A1-F083-44CE-A20C-509694CCE09C}"
EndProject
Global
	GlobalSection(SolutionConfigurationPlatforms) = preSolution
		Debug|Any CPU = Debug|Any CPU
		Release|Any CPU = Release|Any CPU
	EndGlobalSection
	GlobalSection(ProjectConfigurationPlatforms) = postSolution
		{1729E1A1-F083-44CE-A20C-509694CCE09C}.Debug|Any CPU.ActiveCfg = Debug|Any CPU
		{1729E1A1-F083-44CE-A20C-509694CCE09C}.Release|Any CPU.ActiveCfg = Release|Any CPU
	EndGlobalSection
	GlobalSection(SolutionProperties) = preSolution
		HideSolutionNode = FALSE
	EndGlobalSection
	GlobalSection(ExtensibilityGlobals) = postSolution
		SolutionGuid = {2944BBF0-20CA-446B-BA50-B191437731FF}
	EndGlobalSection
EndGlobal
